
Microsoft Visual Studio Solution File, Format Version 12.00
# Visual Studio 15
VisualStudioVersion = 15.0.26730.3
MinimumVisualStudioVersion = 10.0.40219.1
Project("{FAE04EC0-301F-11D3-BF4B-00C04F79EFBC}") = "WBPA.Amazon", "src\WBPA.Amazon\WBPA.Amazon.csproj", "{6AD694F9-AE9B-4878-9CA8-7075606CFA41}"
EndProject
Global
	GlobalSection(SolutionConfigurationPlatforms) = preSolution
		Debug|Any CPU = Debug|Any CPU
		Release|Any CPU = Release|Any CPU
	EndGlobalSection
	GlobalSection(ProjectConfigurationPlatforms) = postSolution
		{6AD694F9-AE9B-4878-9CA8-7075606CFA41}.Debug|Any CPU.ActiveCfg = Debug|Any CPU
		{6AD694F9-AE9B-4878-9CA8-7075606CFA41}.Debug|Any CPU.Build.0 = Debug|Any CPU
		{6AD694F9-AE9B-4878-9CA8-7075606CFA41}.Release|Any CPU.ActiveCfg = Release|Any CPU
		{6AD694F9-AE9B-4878-9CA8-7075606CFA41}.Release|Any CPU.Build.0 = Release|Any CPU
	EndGlobalSection
	GlobalSection(SolutionProperties) = preSolution
		HideSolutionNode = FALSE
	EndGlobalSection
	GlobalSection(ExtensibilityGlobals) = postSolution
		SolutionGuid = {F739AE18-9154-40DE-B706-4837A6006472}
	EndGlobalSection
EndGlobal
